
Microsoft Visual Studio Solution File, Format Version 12.00
# Visual Studio Version 16
VisualStudioVersion = 16.0.29519.87
MinimumVisualStudioVersion = 10.0.40219.1
Project("{FAE04EC0-301F-11D3-BF4B-00C04F79EFBC}") = "PsHelloAzure", "PsHelloAzure\PsHelloAzure.csproj", "{8A83444A-56CB-4FB2-91DE-220AC88D4F32}"
EndProject
Global
	GlobalSection(SolutionConfigurationPlatforms) = preSolution
		Debug|Any CPU = Debug|Any CPU
		Release|Any CPU = Release|Any CPU
	EndGlobalSection
	GlobalSection(ProjectConfigurationPlatforms) = postSolution
		{8A83444A-56CB-4FB2-91DE-220AC88D4F32}.Debug|Any CPU.ActiveCfg = Debug|Any CPU
		{8A83444A-56CB-4FB2-91DE-220AC88D4F32}.Debug|Any CPU.Build.0 = Debug|Any CPU
		{8A83444A-56CB-4FB2-91DE-220AC88D4F32}.Release|Any CPU.ActiveCfg = Release|Any CPU
		{8A83444A-56CB-4FB2-91DE-220AC88D4F32}.Release|Any CPU.Build.0 = Release|Any CPU
	EndGlobalSection
	GlobalSection(SolutionProperties) = preSolution
		HideSolutionNode = FALSE
	EndGlobalSection
	GlobalSection(ExtensibilityGlobals) = postSolution
		SolutionGuid = {2A7F87F3-4145-448F-98CD-1D8436D4C420}
	EndGlobalSection
EndGlobal
